# This file is automatically @generated by Cargo.
# It is not intended for manual editing.
version = 3

[[package]]
name = "buddy_system_allocator"
version = "0.7.0"
source = "registry+https://github.com/rust-lang/crates.io-index"
checksum = "52ab399d7f0b5ad02bbd9ffee6ff1844b84c3c336e0831f167e105ea866a2564"
dependencies = [
 "spin 0.7.1",
]

[[package]]
name = "cortex-a"
version = "5.1.6"
source = "registry+https://github.com/rust-lang/crates.io-index"
checksum = "ecefc30975eb87afc5a810d4b2305c0ec29e607ea97e51b2ecd80766e9268d28"
dependencies = [
 "register 1.0.2",
]

[[package]]
name = "lazy_static"
version = "1.4.0"
source = "registry+https://github.com/rust-lang/crates.io-index"
checksum = "e2abad23fbc42b3700f2f279844dc832adb2b2eb069b2df918f455c4e18cc646"
dependencies = [
 "spin 0.5.2",
]

[[package]]
name = "register"
version = "0.5.1"
source = "registry+https://github.com/rust-lang/crates.io-index"
checksum = "deaba5b0e477d21f61a57504bb5cef4a1e86de30300b457d38971c1cfc98b815"
dependencies = [
 "tock-registers 0.5.0",
]

[[package]]
name = "register"
version = "1.0.2"
source = "registry+https://github.com/rust-lang/crates.io-index"
checksum = "f4a247de29ab7cc8f5006cfe775c4a81c704f9914c5e2a79696862e643135433"
dependencies = [
 "tock-registers 0.6.0",
]

[[package]]
name = "rlibc"
version = "1.0.0"
source = "registry+https://github.com/rust-lang/crates.io-index"
checksum = "fc874b127765f014d792f16763a81245ab80500e2ad921ed4ee9e82481ee08fe"

[[package]]
name = "rust_hypervisor"
version = "0.1.0"
dependencies = [
 "buddy_system_allocator",
 "cortex-a",
 "lazy_static",
 "register 0.5.1",
 "rlibc",
 "spin 0.4.10",
 "volatile",
]

[[package]]
name = "spin"
version = "0.4.10"
source = "registry+https://github.com/rust-lang/crates.io-index"
checksum = "ceac490aa12c567115b40b7b7fceca03a6c9d53d5defea066123debc83c5dc1f"

[[package]]
name = "spin"
version = "0.5.2"
source = "registry+https://github.com/rust-lang/crates.io-index"
checksum = "6e63cff320ae2c57904679ba7cb63280a3dc4613885beafb148ee7bf9aa9042d"

[[package]]
name = "spin"
version = "0.7.1"
source = "registry+https://github.com/rust-lang/crates.io-index"
checksum = "13287b4da9d1207a4f4929ac390916d64eacfe236a487e9a9f5b3be392be5162"

[[package]]
name = "tock-registers"
version = "0.5.0"
source = "registry+https://github.com/rust-lang/crates.io-index"
checksum = "70323afdb8082186c0986da0e10f6e4ed103d681c921c00597e98d9806dac20f"

[[package]]
name = "tock-registers"
version = "0.6.0"
source = "registry+https://github.com/rust-lang/crates.io-index"
checksum = "f521a79accce68c417c9c77ce22108056b626126da1932f7e2e9b5bbffee0cea"

[[package]]
name = "volatile"
version = "0.2.7"
source = "registry+https://github.com/rust-lang/crates.io-index"
checksum = "f6b06ad3ed06fef1713569d547cdbdb439eafed76341820fb0e0344f29a41945"
